
Microsoft Visual Studio Solution File, Format Version 12.00
# Visual Studio Version 17
VisualStudioVersion = 17.6.33829.357
MinimumVisualStudioVersion = 10.0.40219.1
Project("{FAE04EC0-301F-11D3-BF4B-00C04F79EFBC}") = "Tumakov13", "Tumakov13\Tumakov13.csproj", "{81D39A7E-04EA-4A15-843F-CFBB490046AF}"
EndProject
Project("{FAE04EC0-301F-11D3-BF4B-00C04F79EFBC}") = "Tumakov14", "Tumakov14\Tumakov14.csproj", "{805F5199-27DA-4321-9E50-6B78F573069B}"
EndProject
Global
	GlobalSection(SolutionConfigurationPlatforms) = preSolution
		Debug|Any CPU = Debug|Any CPU
		Release|Any CPU = Release|Any CPU
	EndGlobalSection
	GlobalSection(ProjectConfigurationPlatforms) = postSolution
		{81D39A7E-04EA-4A15-843F-CFBB490046AF}.Debug|Any CPU.ActiveCfg = Debug|Any CPU
		{81D39A7E-04EA-4A15-843F-CFBB490046AF}.Debug|Any CPU.Build.0 = Debug|Any CPU
		{81D39A7E-04EA-4A15-843F-CFBB490046AF}.Release|Any CPU.ActiveCfg = Release|Any CPU
		{81D39A7E-04EA-4A15-843F-CFBB490046AF}.Release|Any CPU.Build.0 = Release|Any CPU
		{805F5199-27DA-4321-9E50-6B78F573069B}.Debug|Any CPU.ActiveCfg = Debug|Any CPU
		{805F5199-27DA-4321-9E50-6B78F573069B}.Debug|Any CPU.Build.0 = Debug|Any CPU
		{805F5199-27DA-4321-9E50-6B78F573069B}.Release|Any CPU.ActiveCfg = Release|Any CPU
		{805F5199-27DA-4321-9E50-6B78F573069B}.Release|Any CPU.Build.0 = Release|Any CPU
	EndGlobalSection
	GlobalSection(SolutionProperties) = preSolution
		HideSolutionNode = FALSE
	EndGlobalSection
	GlobalSection(ExtensibilityGlobals) = postSolution
		SolutionGuid = {058234E4-8434-4AF8-8823-5015DAAFE780}
	EndGlobalSection
EndGlobal
